
Microsoft Visual Studio Solution File, Format Version 12.00
# Visual Studio Version 17
VisualStudioVersion = 17.3.32819.101
MinimumVisualStudioVersion = 10.0.40219.1
Project("{FAE04EC0-301F-11D3-BF4B-00C04F79EFBC}") = "GiaoDienKhachHang", "GiaoDienKhachHang\GiaoDienKhachHang.csproj", "{DF18B8BC-D009-48EC-98AC-7AF12086CE6B}"
EndProject
Global
	GlobalSection(SolutionConfigurationPlatforms) = preSolution
		Debug|Any CPU = Debug|Any CPU
		Release|Any CPU = Release|Any CPU
	EndGlobalSection
	GlobalSection(ProjectConfigurationPlatforms) = postSolution
		{DF18B8BC-D009-48EC-98AC-7AF12086CE6B}.Debug|Any CPU.ActiveCfg = Debug|Any CPU
		{DF18B8BC-D009-48EC-98AC-7AF12086CE6B}.Debug|Any CPU.Build.0 = Debug|Any CPU
		{DF18B8BC-D009-48EC-98AC-7AF12086CE6B}.Release|Any CPU.ActiveCfg = Release|Any CPU
		{DF18B8BC-D009-48EC-98AC-7AF12086CE6B}.Release|Any CPU.Build.0 = Release|Any CPU
	EndGlobalSection
	GlobalSection(SolutionProperties) = preSolution
		HideSolutionNode = FALSE
	EndGlobalSection
	GlobalSection(ExtensibilityGlobals) = postSolution
		SolutionGuid = {20E7E5D0-2AA9-48BF-9817-DE6C83F80D5E}
	EndGlobalSection
EndGlobal
